
Microsoft Visual Studio Solution File, Format Version 12.00
# Visual Studio Version 17
VisualStudioVersion = 17.2.32630.192
MinimumVisualStudioVersion = 10.0.40219.1
Project("{9A19103F-16F7-4668-BE54-9A1E7A4F7556}") = "Sample.Api", "Basket.Api\Sample.Api.csproj", "{F45D8FE0-10F0-447B-9123-11043D283AA0}"
EndProject
Project("{9A19103F-16F7-4668-BE54-9A1E7A4F7556}") = "Data", "Data\Data.csproj", "{DE9BBEA5-A770-467D-BC7F-A9B0D6840BAA}"
EndProject
Project("{9A19103F-16F7-4668-BE54-9A1E7A4F7556}") = "DataAccess", "DataAccess\DataAccess.csproj", "{D71BAF39-EF2E-4120-94CA-F9C5B097D597}"
EndProject
Global
	GlobalSection(SolutionConfigurationPlatforms) = preSolution
		Debug|Any CPU = Debug|Any CPU
		Release|Any CPU = Release|Any CPU
	EndGlobalSection
	GlobalSection(ProjectConfigurationPlatforms) = postSolution
		{F45D8FE0-10F0-447B-9123-11043D283AA0}.Debug|Any CPU.ActiveCfg = Debug|Any CPU
		{F45D8FE0-10F0-447B-9123-11043D283AA0}.Debug|Any CPU.Build.0 = Debug|Any CPU
		{F45D8FE0-10F0-447B-9123-11043D283AA0}.Release|Any CPU.ActiveCfg = Release|Any CPU
		{F45D8FE0-10F0-447B-9123-11043D283AA0}.Release|Any CPU.Build.0 = Release|Any CPU
		{DE9BBEA5-A770-467D-BC7F-A9B0D6840BAA}.Debug|Any CPU.ActiveCfg = Debug|Any CPU
		{DE9BBEA5-A770-467D-BC7F-A9B0D6840BAA}.Debug|Any CPU.Build.0 = Debug|Any CPU
		{DE9BBEA5-A770-467D-BC7F-A9B0D6840BAA}.Release|Any CPU.ActiveCfg = Release|Any CPU
		{DE9BBEA5-A770-467D-BC7F-A9B0D6840BAA}.Release|Any CPU.Build.0 = Release|Any CPU
		{D71BAF39-EF2E-4120-94CA-F9C5B097D597}.Debug|Any CPU.ActiveCfg = Debug|Any CPU
		{D71BAF39-EF2E-4120-94CA-F9C5B097D597}.Debug|Any CPU.Build.0 = Debug|Any CPU
		{D71BAF39-EF2E-4120-94CA-F9C5B097D597}.Release|Any CPU.ActiveCfg = Release|Any CPU
		{D71BAF39-EF2E-4120-94CA-F9C5B097D597}.Release|Any CPU.Build.0 = Release|Any CPU
	EndGlobalSection
	GlobalSection(SolutionProperties) = preSolution
		HideSolutionNode = FALSE
	EndGlobalSection
	GlobalSection(ExtensibilityGlobals) = postSolution
		SolutionGuid = {E7D1C755-AA97-417E-A0F3-7388DE2FBC7C}
	EndGlobalSection
EndGlobal
